# This file was autogenerated by Stack.
# You should not edit this file by hand.
# For more information, please see the documentation at:
#   https://docs.haskellstack.org/en/stable/lock_files

packages: []
snapshots:
- completed:
    sha256: ba0ae1cdeb6337ab7969dbe82cf0f05e34b6884bc6a5a24de3aa0dce5809d596
    size: 598120
    url: https://raw.githubusercontent.com/commercialhaskell/stackage-snapshots/master/nightly/2023/2/13.yaml
  original: nightly-2023-02-13
